
Microsoft Visual Studio Solution File, Format Version 12.00
Project("{FAE04EC0-301F-11D3-BF4B-00C04F79EFBC}") = "Rumrunner0.BackToReality.PasswordHashing", "Rumrunner0.BackToReality.PasswordHashing\Rumrunner0.BackToReality.PasswordHashing.csproj", "{3391B38C-BE6E-4115-8DA5-28093F7F8428}"
EndProject
Project("{FAE04EC0-301F-11D3-BF4B-00C04F79EFBC}") = "Rumrunner0.BackToReality.PasswordHashing.Demo", "Rumrunner0.BackToReality.PasswordHashing.Demo\Rumrunner0.BackToReality.PasswordHashing.Demo.csproj", "{6C4DF72A-1D1E-4AA6-AF48-1DADC0C44608}"
EndProject
Project("{FAE04EC0-301F-11D3-BF4B-00C04F79EFBC}") = "Rumrunner0.BackToReality.PasswordHashing.Tests", "Rumrunner0.BackToReality.PasswordHashing.Tests\Rumrunner0.BackToReality.PasswordHashing.Tests.csproj", "{49633726-8002-493B-9F69-932856BBCF66}"
EndProject
Global
	GlobalSection(SolutionConfigurationPlatforms) = preSolution
		Debug|Any CPU = Debug|Any CPU
		Debug|x64 = Debug|x64
		Debug|x86 = Debug|x86
		Release|Any CPU = Release|Any CPU
		Release|x64 = Release|x64
		Release|x86 = Release|x86
	EndGlobalSection
	GlobalSection(ProjectConfigurationPlatforms) = postSolution
		{3391B38C-BE6E-4115-8DA5-28093F7F8428}.Debug|Any CPU.ActiveCfg = Debug|Any CPU
		{3391B38C-BE6E-4115-8DA5-28093F7F8428}.Debug|Any CPU.Build.0 = Debug|Any CPU
		{3391B38C-BE6E-4115-8DA5-28093F7F8428}.Debug|x64.ActiveCfg = Debug|Any CPU
		{3391B38C-BE6E-4115-8DA5-28093F7F8428}.Debug|x64.Build.0 = Debug|Any CPU
		{3391B38C-BE6E-4115-8DA5-28093F7F8428}.Debug|x86.ActiveCfg = Debug|Any CPU
		{3391B38C-BE6E-4115-8DA5-28093F7F8428}.Debug|x86.Build.0 = Debug|Any CPU
		{3391B38C-BE6E-4115-8DA5-28093F7F8428}.Release|Any CPU.ActiveCfg = Release|Any CPU
		{3391B38C-BE6E-4115-8DA5-28093F7F8428}.Release|Any CPU.Build.0 = Release|Any CPU
		{3391B38C-BE6E-4115-8DA5-28093F7F8428}.Release|x64.ActiveCfg = Release|Any CPU
		{3391B38C-BE6E-4115-8DA5-28093F7F8428}.Release|x64.Build.0 = Release|Any CPU
		{3391B38C-BE6E-4115-8DA5-28093F7F8428}.Release|x86.ActiveCfg = Release|Any CPU
		{3391B38C-BE6E-4115-8DA5-28093F7F8428}.Release|x86.Build.0 = Release|Any CPU
		{6C4DF72A-1D1E-4AA6-AF48-1DADC0C44608}.Debug|Any CPU.ActiveCfg = Debug|Any CPU
		{6C4DF72A-1D1E-4AA6-AF48-1DADC0C44608}.Debug|Any CPU.Build.0 = Debug|Any CPU
		{6C4DF72A-1D1E-4AA6-AF48-1DADC0C44608}.Debug|x64.ActiveCfg = Debug|Any CPU
		{6C4DF72A-1D1E-4AA6-AF48-1DADC0C44608}.Debug|x64.Build.0 = Debug|Any CPU
		{6C4DF72A-1D1E-4AA6-AF48-1DADC0C44608}.Debug|x86.ActiveCfg = Debug|Any CPU
		{6C4DF72A-1D1E-4AA6-AF48-1DADC0C44608}.Debug|x86.Build.0 = Debug|Any CPU
		{6C4DF72A-1D1E-4AA6-AF48-1DADC0C44608}.Release|Any CPU.ActiveCfg = Release|Any CPU
		{6C4DF72A-1D1E-4AA6-AF48-1DADC0C44608}.Release|Any CPU.Build.0 = Release|Any CPU
		{6C4DF72A-1D1E-4AA6-AF48-1DADC0C44608}.Release|x64.ActiveCfg = Release|Any CPU
		{6C4DF72A-1D1E-4AA6-AF48-1DADC0C44608}.Release|x64.Build.0 = Release|Any CPU
		{6C4DF72A-1D1E-4AA6-AF48-1DADC0C44608}.Release|x86.ActiveCfg = Release|Any CPU
		{6C4DF72A-1D1E-4AA6-AF48-1DADC0C44608}.Release|x86.Build.0 = Release|Any CPU
		{49633726-8002-493B-9F69-932856BBCF66}.Debug|Any CPU.ActiveCfg = Debug|Any CPU
		{49633726-8002-493B-9F69-932856BBCF66}.Debug|Any CPU.Build.0 = Debug|Any CPU
		{49633726-8002-493B-9F69-932856BBCF66}.Debug|x64.ActiveCfg = Debug|Any CPU
		{49633726-8002-493B-9F69-932856BBCF66}.Debug|x64.Build.0 = Debug|Any CPU
		{49633726-8002-493B-9F69-932856BBCF66}.Debug|x86.ActiveCfg = Debug|Any CPU
		{49633726-8002-493B-9F69-932856BBCF66}.Debug|x86.Build.0 = Debug|Any CPU
		{49633726-8002-493B-9F69-932856BBCF66}.Release|Any CPU.ActiveCfg = Release|Any CPU
		{49633726-8002-493B-9F69-932856BBCF66}.Release|Any CPU.Build.0 = Release|Any CPU
		{49633726-8002-493B-9F69-932856BBCF66}.Release|x64.ActiveCfg = Release|Any CPU
		{49633726-8002-493B-9F69-932856BBCF66}.Release|x64.Build.0 = Release|Any CPU
		{49633726-8002-493B-9F69-932856BBCF66}.Release|x86.ActiveCfg = Release|Any CPU
		{49633726-8002-493B-9F69-932856BBCF66}.Release|x86.Build.0 = Release|Any CPU
	EndGlobalSection
	GlobalSection(SolutionProperties) = preSolution
		HideSolutionNode = FALSE
	EndGlobalSection
EndGlobal
